
Microsoft Visual Studio Solution File, Format Version 11.00
# Visual Studio 2010
Project("{FAE04EC0-301F-11D3-BF4B-00C04F79EFBC}") = "Client", "Client\Client.csproj", "{77BB4328-F2DB-4F12-82F0-BF09DA021615}"
EndProject
Project("{FAE04EC0-301F-11D3-BF4B-00C04F79EFBC}") = "Kruskal", "Kruskal\Kruskal.csproj", "{79FE5A94-B83A-4C81-B6A7-D54B429F23BA}"
EndProject
Project("{FAE04EC0-301F-11D3-BF4B-00C04F79EFBC}") = "UnitTests", "UnitTests\UnitTests.csproj", "{D0723AFE-FE70-4DAE-8B8B-F1850A14737A}"
EndProject
Project("{2150E333-8FDC-42A3-9474-1A3956D46DE8}") = "Solution Items", "Solution Items", "{E7838A05-EF28-423D-B4F4-1C0FEB2C93EE}"
	ProjectSection(SolutionItems) = preProject
		KruskalAlgorithm.vsmdi = KruskalAlgorithm.vsmdi
		Local.testsettings = Local.testsettings
		TraceAndTestImpact.testsettings = TraceAndTestImpact.testsettings
	EndProjectSection
EndProject
Global
	GlobalSection(TestCaseManagementSettings) = postSolution
		CategoryFile = KruskalAlgorithm.vsmdi
	EndGlobalSection
	GlobalSection(SolutionConfigurationPlatforms) = preSolution
		Debug|Any CPU = Debug|Any CPU
		Debug|Mixed Platforms = Debug|Mixed Platforms
		Debug|x86 = Debug|x86
		Release|Any CPU = Release|Any CPU
		Release|Mixed Platforms = Release|Mixed Platforms
		Release|x86 = Release|x86
	EndGlobalSection
	GlobalSection(ProjectConfigurationPlatforms) = postSolution
		{77BB4328-F2DB-4F12-82F0-BF09DA021615}.Debug|Any CPU.ActiveCfg = Debug|x86
		{77BB4328-F2DB-4F12-82F0-BF09DA021615}.Debug|Mixed Platforms.ActiveCfg = Debug|x86
		{77BB4328-F2DB-4F12-82F0-BF09DA021615}.Debug|Mixed Platforms.Build.0 = Debug|x86
		{77BB4328-F2DB-4F12-82F0-BF09DA021615}.Debug|x86.ActiveCfg = Debug|x86
		{77BB4328-F2DB-4F12-82F0-BF09DA021615}.Debug|x86.Build.0 = Debug|x86
		{77BB4328-F2DB-4F12-82F0-BF09DA021615}.Release|Any CPU.ActiveCfg = Release|x86
		{77BB4328-F2DB-4F12-82F0-BF09DA021615}.Release|Mixed Platforms.ActiveCfg = Release|x86
		{77BB4328-F2DB-4F12-82F0-BF09DA021615}.Release|Mixed Platforms.Build.0 = Release|x86
		{77BB4328-F2DB-4F12-82F0-BF09DA021615}.Release|x86.ActiveCfg = Release|x86
		{77BB4328-F2DB-4F12-82F0-BF09DA021615}.Release|x86.Build.0 = Release|x86
		{79FE5A94-B83A-4C81-B6A7-D54B429F23BA}.Debug|Any CPU.ActiveCfg = Debug|Any CPU
		{79FE5A94-B83A-4C81-B6A7-D54B429F23BA}.Debug|Any CPU.Build.0 = Debug|Any CPU
		{79FE5A94-B83A-4C81-B6A7-D54B429F23BA}.Debug|Mixed Platforms.ActiveCfg = Debug|Any CPU
		{79FE5A94-B83A-4C81-B6A7-D54B429F23BA}.Debug|Mixed Platforms.Build.0 = Debug|Any CPU
		{79FE5A94-B83A-4C81-B6A7-D54B429F23BA}.Debug|x86.ActiveCfg = Debug|Any CPU
		{79FE5A94-B83A-4C81-B6A7-D54B429F23BA}.Release|Any CPU.ActiveCfg = Release|Any CPU
		{79FE5A94-B83A-4C81-B6A7-D54B429F23BA}.Release|Any CPU.Build.0 = Release|Any CPU
		{79FE5A94-B83A-4C81-B6A7-D54B429F23BA}.Release|Mixed Platforms.ActiveCfg = Release|Any CPU
		{79FE5A94-B83A-4C81-B6A7-D54B429F23BA}.Release|Mixed Platforms.Build.0 = Release|Any CPU
		{79FE5A94-B83A-4C81-B6A7-D54B429F23BA}.Release|x86.ActiveCfg = Release|Any CPU
		{D0723AFE-FE70-4DAE-8B8B-F1850A14737A}.Debug|Any CPU.ActiveCfg = Debug|Any CPU
		{D0723AFE-FE70-4DAE-8B8B-F1850A14737A}.Debug|Any CPU.Build.0 = Debug|Any CPU
		{D0723AFE-FE70-4DAE-8B8B-F1850A14737A}.Debug|Mixed Platforms.ActiveCfg = Debug|Any CPU
		{D0723AFE-FE70-4DAE-8B8B-F1850A14737A}.Debug|Mixed Platforms.Build.0 = Debug|Any CPU
		{D0723AFE-FE70-4DAE-8B8B-F1850A14737A}.Debug|x86.ActiveCfg = Debug|Any CPU
		{D0723AFE-FE70-4DAE-8B8B-F1850A14737A}.Release|Any CPU.ActiveCfg = Release|Any CPU
		{D0723AFE-FE70-4DAE-8B8B-F1850A14737A}.Release|Any CPU.Build.0 = Release|Any CPU
		{D0723AFE-FE70-4DAE-8B8B-F1850A14737A}.Release|Mixed Platforms.ActiveCfg = Release|Any CPU
		{D0723AFE-FE70-4DAE-8B8B-F1850A14737A}.Release|Mixed Platforms.Build.0 = Release|Any CPU
		{D0723AFE-FE70-4DAE-8B8B-F1850A14737A}.Release|x86.ActiveCfg = Release|Any CPU
	EndGlobalSection
	GlobalSection(SolutionProperties) = preSolution
		HideSolutionNode = FALSE
	EndGlobalSection
EndGlobal
